
Microsoft Visual Studio Solution File, Format Version 12.00
# Visual Studio Version 17
VisualStudioVersion = 17.14.36015.10 d17.14
MinimumVisualStudioVersion = 10.0.40219.1
Project("{FAE04EC0-301F-11D3-BF4B-00C04F79EFBC}") = "Lista2ex3", "Lista2ex3\Lista2ex3.csproj", "{8628C901-C086-4393-AFFB-EA9CAFB0249C}"
EndProject
Global
	GlobalSection(SolutionConfigurationPlatforms) = preSolution
		Debug|Any CPU = Debug|Any CPU
		Release|Any CPU = Release|Any CPU
	EndGlobalSection
	GlobalSection(ProjectConfigurationPlatforms) = postSolution
		{8628C901-C086-4393-AFFB-EA9CAFB0249C}.Debug|Any CPU.ActiveCfg = Debug|Any CPU
		{8628C901-C086-4393-AFFB-EA9CAFB0249C}.Debug|Any CPU.Build.0 = Debug|Any CPU
		{8628C901-C086-4393-AFFB-EA9CAFB0249C}.Release|Any CPU.ActiveCfg = Release|Any CPU
		{8628C901-C086-4393-AFFB-EA9CAFB0249C}.Release|Any CPU.Build.0 = Release|Any CPU
	EndGlobalSection
	GlobalSection(SolutionProperties) = preSolution
		HideSolutionNode = FALSE
	EndGlobalSection
	GlobalSection(ExtensibilityGlobals) = postSolution
		SolutionGuid = {9C32F88D-B801-4C4A-9A53-E051850A8630}
	EndGlobalSection
EndGlobal
