
Microsoft Visual Studio Solution File, Format Version 12.00
# Visual Studio Version 17
VisualStudioVersion = 17.14.36015.10 d17.14
MinimumVisualStudioVersion = 10.0.40219.1
Project("{FAE04EC0-301F-11D3-BF4B-00C04F79EFBC}") = "Lista2ex8", "Lista2ex8\Lista2ex8.csproj", "{4ED9A57A-D7CB-4D9F-98DF-98266AC23136}"
EndProject
Global
	GlobalSection(SolutionConfigurationPlatforms) = preSolution
		Debug|Any CPU = Debug|Any CPU
		Release|Any CPU = Release|Any CPU
	EndGlobalSection
	GlobalSection(ProjectConfigurationPlatforms) = postSolution
		{4ED9A57A-D7CB-4D9F-98DF-98266AC23136}.Debug|Any CPU.ActiveCfg = Debug|Any CPU
		{4ED9A57A-D7CB-4D9F-98DF-98266AC23136}.Debug|Any CPU.Build.0 = Debug|Any CPU
		{4ED9A57A-D7CB-4D9F-98DF-98266AC23136}.Release|Any CPU.ActiveCfg = Release|Any CPU
		{4ED9A57A-D7CB-4D9F-98DF-98266AC23136}.Release|Any CPU.Build.0 = Release|Any CPU
	EndGlobalSection
	GlobalSection(SolutionProperties) = preSolution
		HideSolutionNode = FALSE
	EndGlobalSection
	GlobalSection(ExtensibilityGlobals) = postSolution
		SolutionGuid = {49ECFABF-3217-4305-91B5-BA02FB1B3B37}
	EndGlobalSection
EndGlobal
