
Microsoft Visual Studio Solution File, Format Version 12.00
# Visual Studio Version 17
VisualStudioVersion = 17.14.36015.10 d17.14
MinimumVisualStudioVersion = 10.0.40219.1
Project("{FAE04EC0-301F-11D3-BF4B-00C04F79EFBC}") = "Lista2ex2", "Lista2ex2\Lista2ex2.csproj", "{396321FC-519E-4093-9FE4-72AE6729960B}"
EndProject
Global
	GlobalSection(SolutionConfigurationPlatforms) = preSolution
		Debug|Any CPU = Debug|Any CPU
		Release|Any CPU = Release|Any CPU
	EndGlobalSection
	GlobalSection(ProjectConfigurationPlatforms) = postSolution
		{396321FC-519E-4093-9FE4-72AE6729960B}.Debug|Any CPU.ActiveCfg = Debug|Any CPU
		{396321FC-519E-4093-9FE4-72AE6729960B}.Debug|Any CPU.Build.0 = Debug|Any CPU
		{396321FC-519E-4093-9FE4-72AE6729960B}.Release|Any CPU.ActiveCfg = Release|Any CPU
		{396321FC-519E-4093-9FE4-72AE6729960B}.Release|Any CPU.Build.0 = Release|Any CPU
	EndGlobalSection
	GlobalSection(SolutionProperties) = preSolution
		HideSolutionNode = FALSE
	EndGlobalSection
	GlobalSection(ExtensibilityGlobals) = postSolution
		SolutionGuid = {145CBB45-7498-478B-B1AC-56BC7637EA18}
	EndGlobalSection
EndGlobal
